// !$*UTF8*$!
{
	archiveVersion = 1;
	classes = {
	};
	objectVersion = 56;
	objects = {

/* Begin PBXBuildFile section */
		82AED11829007BDD0007DAA1 /* AppDelegate.swift in Sources */ = {isa = PBXBuildFile; fileRef = 82AED11729007BDD0007DAA1 /* AppDelegate.swift */; };
		82AED11A29007BDD0007DAA1 /* SceneDelegate.swift in Sources */ = {isa = PBXBuildFile; fileRef = 82AED11929007BDD0007DAA1 /* SceneDelegate.swift */; };
		82AED11C29007BDD0007DAA1 /* ViewController.swift in Sources */ = {isa = PBXBuildFile; fileRef = 82AED11B29007BDD0007DAA1 /* ViewController.swift */; };
		82AED12129007BDE0007DAA1 /* Assets.xcassets in Resources */ = {isa = PBXBuildFile; fileRef = 82AED12029007BDE0007DAA1 /* Assets.xcassets */; };
		82AED12429007BDE0007DAA1 /* LaunchScreen.storyboard in Resources */ = {isa = PBXBuildFile; fileRef = 82AED12229007BDE0007DAA1 /* LaunchScreen.storyboard */; };
		82AED12F29007BDE0007DAA1 /* Individual_ChallengeTests.swift in Sources */ = {isa = PBXBuildFile; fileRef = 82AED12E29007BDE0007DAA1 /* Individual_ChallengeTests.swift */; };
		82AED13929007BDE0007DAA1 /* Individual_ChallengeUITests.swift in Sources */ = {isa = PBXBuildFile; fileRef = 82AED13829007BDE0007DAA1 /* Individual_ChallengeUITests.swift */; };
		82AED13B29007BDE0007DAA1 /* Individual_ChallengeUITestsLaunchTests.swift in Sources */ = {isa = PBXBuildFile; fileRef = 82AED13A29007BDE0007DAA1 /* Individual_ChallengeUITestsLaunchTests.swift */; };
		82AED14B29007D030007DAA1 /* Api.swift in Sources */ = {isa = PBXBuildFile; fileRef = 82AED14A29007D030007DAA1 /* Api.swift */; };
		82AED14D29030BE00007DAA1 /* TableViewController.swift in Sources */ = {isa = PBXBuildFile; fileRef = 82AED14C29030BE00007DAA1 /* TableViewController.swift */; };
/* End PBXBuildFile section */

/* Begin PBXContainerItemProxy section */
		82AED12B29007BDE0007DAA1 /* PBXContainerItemProxy */ = {
			isa = PBXContainerItemProxy;
			containerPortal = 82AED10C29007BDD0007DAA1 /* Project object */;
			proxyType = 1;
			remoteGlobalIDString = 82AED11329007BDD0007DAA1;
			remoteInfo = "Individual Challenge";
		};
		82AED13529007BDE0007DAA1 /* PBXContainerItemProxy */ = {
			isa = PBXContainerItemProxy;
			containerPortal = 82AED10C29007BDD0007DAA1 /* Project object */;
			proxyType = 1;
			remoteGlobalIDString = 82AED11329007BDD0007DAA1;
			remoteInfo = "Individual Challenge";
		};
/* End PBXContainerItemProxy section */

/* Begin PBXFileReference section */
		82AED11429007BDD0007DAA1 /* Individual Challenge.app */ = {isa = PBXFileReference; explicitFileType = wrapper.application; includeInIndex = 0; path = "Individual Challenge.app"; sourceTree = BUILT_PRODUCTS_DIR; };
		82AED11729007BDD0007DAA1 /* AppDelegate.swift */ = {isa = PBXFileReference; lastKnownFileType = sourcecode.swift; path = AppDelegate.swift; sourceTree = "<group>"; };
		82AED11929007BDD0007DAA1 /* SceneDelegate.swift */ = {isa = PBXFileReference; lastKnownFileType = sourcecode.swift; path = SceneDelegate.swift; sourceTree = "<group>"; };
		82AED11B29007BDD0007DAA1 /* ViewController.swift */ = {isa = PBXFileReference; lastKnownFileType = sourcecode.swift; path = ViewController.swift; sourceTree = "<group>"; };
		82AED12029007BDE0007DAA1 /* Assets.xcassets */ = {isa = PBXFileReference; lastKnownFileType = folder.assetcatalog; path = Assets.xcassets; sourceTree = "<group>"; };
		82AED12329007BDE0007DAA1 /* Base */ = {isa = PBXFileReference; lastKnownFileType = file.storyboard; name = Base; path = Base.lproj/LaunchScreen.storyboard; sourceTree = "<group>"; };
		82AED12529007BDE0007DAA1 /* Info.plist */ = {isa = PBXFileReference; lastKnownFileType = text.plist.xml; path = Info.plist; sourceTree = "<group>"; };
		82AED12A29007BDE0007DAA1 /* Individual ChallengeTests.xctest */ = {isa = PBXFileReference; explicitFileType = wrapper.cfbundle; includeInIndex = 0; path = "Individual ChallengeTests.xctest"; sourceTree = BUILT_PRODUCTS_DIR; };
		82AED12E29007BDE0007DAA1 /* Individual_ChallengeTests.swift */ = {isa = PBXFileReference; lastKnownFileType = sourcecode.swift; path = Individual_ChallengeTests.swift; sourceTree = "<group>"; };
		82AED13429007BDE0007DAA1 /* Individual ChallengeUITests.xctest */ = {isa = PBXFileReference; explicitFileType = wrapper.cfbundle; includeInIndex = 0; path = "Individual ChallengeUITests.xctest"; sourceTree = BUILT_PRODUCTS_DIR; };
		82AED13829007BDE0007DAA1 /* Individual_ChallengeUITests.swift */ = {isa = PBXFileReference; lastKnownFileType = sourcecode.swift; path = Individual_ChallengeUITests.swift; sourceTree = "<group>"; };
		82AED13A29007BDE0007DAA1 /* Individual_ChallengeUITestsLaunchTests.swift */ = {isa = PBXFileReference; lastKnownFileType = sourcecode.swift; path = Individual_ChallengeUITestsLaunchTests.swift; sourceTree = "<group>"; };
		82AED14A29007D030007DAA1 /* Api.swift */ = {isa = PBXFileReference; fileEncoding = 4; lastKnownFileType = sourcecode.swift; path = Api.swift; sourceTree = "<group>"; };
		82AED14C29030BE00007DAA1 /* TableViewController.swift */ = {isa = PBXFileReference; lastKnownFileType = sourcecode.swift; path = TableViewController.swift; sourceTree = "<group>"; };
/* End PBXFileReference section */

/* Begin PBXFrameworksBuildPhase section */
		82AED11129007BDD0007DAA1 /* Frameworks */ = {
			isa = PBXFrameworksBuildPhase;
			buildActionMask = 2147483647;
			files = (
			);
			runOnlyForDeploymentPostprocessing = 0;
		};
		82AED12729007BDE0007DAA1 /* Frameworks */ = {
			isa = PBXFrameworksBuildPhase;
			buildActionMask = 2147483647;
			files = (
			);
			runOnlyForDeploymentPostprocessing = 0;
		};
		82AED13129007BDE0007DAA1 /* Frameworks */ = {
			isa = PBXFrameworksBuildPhase;
			buildActionMask = 2147483647;
			files = (
			);
			runOnlyForDeploymentPostprocessing = 0;
		};
/* End PBXFrameworksBuildPhase section */

/* Begin PBXGroup section */
		82AED10B29007BDD0007DAA1 = {
			isa = PBXGroup;
			children = (
				82AED11629007BDD0007DAA1 /* Individual Challenge */,
				82AED12D29007BDE0007DAA1 /* Individual ChallengeTests */,
				82AED13729007BDE0007DAA1 /* Individual ChallengeUITests */,
				82AED11529007BDD0007DAA1 /* Products */,
			);
			sourceTree = "<group>";
		};
		82AED11529007BDD0007DAA1 /* Products */ = {
			isa = PBXGroup;
			children = (
				82AED11429007BDD0007DAA1 /* Individual Challenge.app */,
				82AED12A29007BDE0007DAA1 /* Individual ChallengeTests.xctest */,
				82AED13429007BDE0007DAA1 /* Individual ChallengeUITests.xctest */,
			);
			name = Products;
			sourceTree = "<group>";
		};
		82AED11629007BDD0007DAA1 /* Individual Challenge */ = {
			isa = PBXGroup;
			children = (
				82AED14729007CDC0007DAA1 /* services */,
				82AED11729007BDD0007DAA1 /* AppDelegate.swift */,
				82AED11929007BDD0007DAA1 /* SceneDelegate.swift */,
				82AED11B29007BDD0007DAA1 /* ViewController.swift */,
				82AED12029007BDE0007DAA1 /* Assets.xcassets */,
				82AED12229007BDE0007DAA1 /* LaunchScreen.storyboard */,
				82AED12529007BDE0007DAA1 /* Info.plist */,
				82AED14C29030BE00007DAA1 /* TableViewController.swift */,
			);
			path = "Individual Challenge";
			sourceTree = "<group>";
		};
		82AED12D29007BDE0007DAA1 /* Individual ChallengeTests */ = {
			isa = PBXGroup;
			children = (
				82AED12E29007BDE0007DAA1 /* Individual_ChallengeTests.swift */,
			);
			path = "Individual ChallengeTests";
			sourceTree = "<group>";
		};
		82AED13729007BDE0007DAA1 /* Individual ChallengeUITests */ = {
			isa = PBXGroup;
			children = (
				82AED13829007BDE0007DAA1 /* Individual_ChallengeUITests.swift */,
				82AED13A29007BDE0007DAA1 /* Individual_ChallengeUITestsLaunchTests.swift */,
			);
			path = "Individual ChallengeUITests";
			sourceTree = "<group>";
		};
		82AED14729007CDC0007DAA1 /* services */ = {
			isa = PBXGroup;
			children = (
				82AED14A29007D030007DAA1 /* Api.swift */,
			);
			path = services;
			sourceTree = "<group>";
		};
/* End PBXGroup section */

/* Begin PBXNativeTarget section */
		82AED11329007BDD0007DAA1 /* Individual Challenge */ = {
			isa = PBXNativeTarget;
			buildConfigurationList = 82AED13E29007BDE0007DAA1 /* Build configuration list for PBXNativeTarget "Individual Challenge" */;
			buildPhases = (
				82AED11029007BDD0007DAA1 /* Sources */,
				82AED11129007BDD0007DAA1 /* Frameworks */,
				82AED11229007BDD0007DAA1 /* Resources */,
			);
			buildRules = (
			);
			dependencies = (
			);
			name = "Individual Challenge";
			productName = "Individual Challenge";
			productReference = 82AED11429007BDD0007DAA1 /* Individual Challenge.app */;
			productType = "com.apple.product-type.application";
		};
		82AED12929007BDE0007DAA1 /* Individual ChallengeTests */ = {
			isa = PBXNativeTarget;
			buildConfigurationList = 82AED14129007BDE0007DAA1 /* Build configuration list for PBXNativeTarget "Individual ChallengeTests" */;
			buildPhases = (
				82AED12629007BDE0007DAA1 /* Sources */,
				82AED12729007BDE0007DAA1 /* Frameworks */,
				82AED12829007BDE0007DAA1 /* Resources */,
			);
			buildRules = (
			);
			dependencies = (
				82AED12C29007BDE0007DAA1 /* PBXTargetDependency */,
			);
			name = "Individual ChallengeTests";
			productName = "Individual ChallengeTests";
			productReference = 82AED12A29007BDE0007DAA1 /* Individual ChallengeTests.xctest */;
			productType = "com.apple.product-type.bundle.unit-test";
		};
		82AED13329007BDE0007DAA1 /* Individual ChallengeUITests */ = {
			isa = PBXNativeTarget;
			buildConfigurationList = 82AED14429007BDE0007DAA1 /* Build configuration list for PBXNativeTarget "Individual ChallengeUITests" */;
			buildPhases = (
				82AED13029007BDE0007DAA1 /* Sources */,
				82AED13129007BDE0007DAA1 /* Frameworks */,
				82AED13229007BDE0007DAA1 /* Resources */,
			);
			buildRules = (
			);
			dependencies = (
				82AED13629007BDE0007DAA1 /* PBXTargetDependency */,
			);
			name = "Individual ChallengeUITests";
			productName = "Individual ChallengeUITests";
			productReference = 82AED13429007BDE0007DAA1 /* Individual ChallengeUITests.xctest */;
			productType = "com.apple.product-type.bundle.ui-testing";
		};
/* End PBXNativeTarget section */

/* Begin PBXProject section */
		82AED10C29007BDD0007DAA1 /* Project object */ = {
			isa = PBXProject;
			attributes = {
				BuildIndependentTargetsInParallel = 1;
				LastSwiftUpdateCheck = 1400;
				LastUpgradeCheck = 1400;
				TargetAttributes = {
					82AED11329007BDD0007DAA1 = {
						CreatedOnToolsVersion = 14.0.1;
					};
					82AED12929007BDE0007DAA1 = {
						CreatedOnToolsVersion = 14.0.1;
						TestTargetID = 82AED11329007BDD0007DAA1;
					};
					82AED13329007BDE0007DAA1 = {
						CreatedOnToolsVersion = 14.0.1;
						TestTargetID = 82AED11329007BDD0007DAA1;
					};
				};
			};
			buildConfigurationList = 82AED10F29007BDD0007DAA1 /* Build configuration list for PBXProject "Individual Challenge" */;
			compatibilityVersion = "Xcode 14.0";
			developmentRegion = en;
			hasScannedForEncodings = 0;
			knownRegions = (
				en,
				Base,
			);
			mainGroup = 82AED10B29007BDD0007DAA1;
			productRefGroup = 82AED11529007BDD0007DAA1 /* Products */;
			projectDirPath = "";
			projectRoot = "";
			targets = (
				82AED11329007BDD0007DAA1 /* Individual Challenge */,
				82AED12929007BDE0007DAA1 /* Individual ChallengeTests */,
				82AED13329007BDE0007DAA1 /* Individual ChallengeUITests */,
			);
		};
/* End PBXProject section */

/* Begin PBXResourcesBuildPhase section */
		82AED11229007BDD0007DAA1 /* Resources */ = {
			isa = PBXResourcesBuildPhase;
			buildActionMask = 2147483647;
			files = (
				82AED12429007BDE0007DAA1 /* LaunchScreen.storyboard in Resources */,
				82AED12129007BDE0007DAA1 /* Assets.xcassets in Resources */,
			);
			runOnlyForDeploymentPostprocessing = 0;
		};
		82AED12829007BDE0007DAA1 /* Resources */ = {
			isa = PBXResourcesBuildPhase;
			buildActionMask = 2147483647;
			files = (
			);
			runOnlyForDeploymentPostprocessing = 0;
		};
		82AED13229007BDE0007DAA1 /* Resources */ = {
			isa = PBXResourcesBuildPhase;
			buildActionMask = 2147483647;
			files = (
			);
			runOnlyForDeploymentPostprocessing = 0;
		};
/* End PBXResourcesBuildPhase section */

/* Begin PBXSourcesBuildPhase section */
		82AED11029007BDD0007DAA1 /* Sources */ = {
			isa = PBXSourcesBuildPhase;
			buildActionMask = 2147483647;
			files = (
				82AED11C29007BDD0007DAA1 /* ViewController.swift in Sources */,
				82AED11829007BDD0007DAA1 /* AppDelegate.swift in Sources */,
				82AED14B29007D030007DAA1 /* Api.swift in Sources */,
				82AED14D29030BE00007DAA1 /* TableViewController.swift in Sources */,
				82AED11A29007BDD0007DAA1 /* SceneDelegate.swift in Sources */,
			);
			runOnlyForDeploymentPostprocessing = 0;
		};
		82AED12629007BDE0007DAA1 /* Sources */ = {
			isa = PBXSourcesBuildPhase;
			buildActionMask = 2147483647;
			files = (
				82AED12F29007BDE0007DAA1 /* Individual_ChallengeTests.swift in Sources */,
			);
			runOnlyForDeploymentPostprocessing = 0;
		};
		82AED13029007BDE0007DAA1 /* Sources */ = {
			isa = PBXSourcesBuildPhase;
			buildActionMask = 2147483647;
			files = (
				82AED13929007BDE0007DAA1 /* Individual_ChallengeUITests.swift in Sources */,
				82AED13B29007BDE0007DAA1 /* Individual_ChallengeUITestsLaunchTests.swift in Sources */,
			);
			runOnlyForDeploymentPostprocessing = 0;
		};
/* End PBXSourcesBuildPhase section */

/* Begin PBXTargetDependency section */
		82AED12C29007BDE0007DAA1 /* PBXTargetDependency */ = {
			isa = PBXTargetDependency;
			target = 82AED11329007BDD0007DAA1 /* Individual Challenge */;
			targetProxy = 82AED12B29007BDE0007DAA1 /* PBXContainerItemProxy */;
		};
		82AED13629007BDE0007DAA1 /* PBXTargetDependency */ = {
			isa = PBXTargetDependency;
			target = 82AED11329007BDD0007DAA1 /* Individual Challenge */;
			targetProxy = 82AED13529007BDE0007DAA1 /* PBXContainerItemProxy */;
		};
/* End PBXTargetDependency section */

/* Begin PBXVariantGroup section */
		82AED12229007BDE0007DAA1 /* LaunchScreen.storyboard */ = {
			isa = PBXVariantGroup;
			children = (
				82AED12329007BDE0007DAA1 /* Base */,
			);
			name = LaunchScreen.storyboard;
			sourceTree = "<group>";
		};
/* End PBXVariantGroup section */

/* Begin XCBuildConfiguration section */
		82AED13C29007BDE0007DAA1 /* Debug */ = {
			isa = XCBuildConfiguration;
			buildSettings = {
				ALWAYS_SEARCH_USER_PATHS = NO;
				CLANG_ANALYZER_NONNULL = YES;
				CLANG_ANALYZER_NUMBER_OBJECT_CONVERSION = YES_AGGRESSIVE;
				CLANG_CXX_LANGUAGE_STANDARD = "gnu++20";
				CLANG_ENABLE_MODULES = YES;
				CLANG_ENABLE_OBJC_ARC = YES;
				CLANG_ENABLE_OBJC_WEAK = YES;
				CLANG_WARN_BLOCK_CAPTURE_AUTORELEASING = YES;
				CLANG_WARN_BOOL_CONVERSION = YES;
				CLANG_WARN_COMMA = YES;
				CLANG_WARN_CONSTANT_CONVERSION = YES;
				CLANG_WARN_DEPRECATED_OBJC_IMPLEMENTATIONS = YES;
				CLANG_WARN_DIRECT_OBJC_ISA_USAGE = YES_ERROR;
				CLANG_WARN_DOCUMENTATION_COMMENTS = YES;
				CLANG_WARN_EMPTY_BODY = YES;
				CLANG_WARN_ENUM_CONVERSION = YES;
				CLANG_WARN_INFINITE_RECURSION = YES;
				CLANG_WARN_INT_CONVERSION = YES;
				CLANG_WARN_NON_LITERAL_NULL_CONVERSION = YES;
				CLANG_WARN_OBJC_IMPLICIT_RETAIN_SELF = YES;
				CLANG_WARN_OBJC_LITERAL_CONVERSION = YES;
				CLANG_WARN_OBJC_ROOT_CLASS = YES_ERROR;
				CLANG_WARN_QUOTED_INCLUDE_IN_FRAMEWORK_HEADER = YES;
				CLANG_WARN_RANGE_LOOP_ANALYSIS = YES;
				CLANG_WARN_STRICT_PROTOTYPES = YES;
				CLANG_WARN_SUSPICIOUS_MOVE = YES;
				CLANG_WARN_UNGUARDED_AVAILABILITY = YES_AGGRESSIVE;
				CLANG_WARN_UNREACHABLE_CODE = YES;
				CLANG_WARN__DUPLICATE_METHOD_MATCH = YES;
				COPY_PHASE_STRIP = NO;
				DEBUG_INFORMATION_FORMAT = dwarf;
				ENABLE_STRICT_OBJC_MSGSEND = YES;
				ENABLE_TESTABILITY = YES;
				GCC_C_LANGUAGE_STANDARD = gnu11;
				GCC_DYNAMIC_NO_PIC = NO;
				GCC_NO_COMMON_BLOCKS = YES;
				GCC_OPTIMIZATION_LEVEL = 0;
				GCC_PREPROCESSOR_DEFINITIONS = (
					"DEBUG=1",
					"$(inherited)",
				);
				GCC_WARN_64_TO_32_BIT_CONVERSION = YES;
				GCC_WARN_ABOUT_RETURN_TYPE = YES_ERROR;
				GCC_WARN_UNDECLARED_SELECTOR = YES;
				GCC_WARN_UNINITIALIZED_AUTOS = YES_AGGRESSIVE;
				GCC_WARN_UNUSED_FUNCTION = YES;
				GCC_WARN_UNUSED_VARIABLE = YES;
				IPHONEOS_DEPLOYMENT_TARGET = 16.0;
				MTL_ENABLE_DEBUG_INFO = INCLUDE_SOURCE;
				MTL_FAST_MATH = YES;
				ONLY_ACTIVE_ARCH = YES;
				SDKROOT = iphoneos;
				SWIFT_ACTIVE_COMPILATION_CONDITIONS = DEBUG;
				SWIFT_OPTIMIZATION_LEVEL = "-Onone";
			};
			name = Debug;
		};
		82AED13D29007BDE0007DAA1 /* Release */ = {
			isa = XCBuildConfiguration;
			buildSettings = {
				ALWAYS_SEARCH_USER_PATHS = NO;
				CLANG_ANALYZER_NONNULL = YES;
				CLANG_ANALYZER_NUMBER_OBJECT_CONVERSION = YES_AGGRESSIVE;
				CLANG_CXX_LANGUAGE_STANDARD = "gnu++20";
				CLANG_ENABLE_MODULES = YES;
				CLANG_ENABLE_OBJC_ARC = YES;
				CLANG_ENABLE_OBJC_WEAK = YES;
				CLANG_WARN_BLOCK_CAPTURE_AUTORELEASING = YES;
				CLANG_WARN_BOOL_CONVERSION = YES;
				CLANG_WARN_COMMA = YES;
				CLANG_WARN_CONSTANT_CONVERSION = YES;
				CLANG_WARN_DEPRECATED_OBJC_IMPLEMENTATIONS = YES;
				CLANG_WARN_DIRECT_OBJC_ISA_USAGE = YES_ERROR;
				CLANG_WARN_DOCUMENTATION_COMMENTS = YES;
				CLANG_WARN_EMPTY_BODY = YES;
				CLANG_WARN_ENUM_CONVERSION = YES;
				CLANG_WARN_INFINITE_RECURSION = YES;
				CLANG_WARN_INT_CONVERSION = YES;
				CLANG_WARN_NON_LITERAL_NULL_CONVERSION = YES;
				CLANG_WARN_OBJC_IMPLICIT_RETAIN_SELF = YES;
				CLANG_WARN_OBJC_LITERAL_CONVERSION = YES;
				CLANG_WARN_OBJC_ROOT_CLASS = YES_ERROR;
				CLANG_WARN_QUOTED_INCLUDE_IN_FRAMEWORK_HEADER = YES;
				CLANG_WARN_RANGE_LOOP_ANALYSIS = YES;
				CLANG_WARN_STRICT_PROTOTYPES = YES;
				CLANG_WARN_SUSPICIOUS_MOVE = YES;
				CLANG_WARN_UNGUARDED_AVAILABILITY = YES_AGGRESSIVE;
				CLANG_WARN_UNREACHABLE_CODE = YES;
				CLANG_WARN__DUPLICATE_METHOD_MATCH = YES;
				COPY_PHASE_STRIP = NO;
				DEBUG_INFORMATION_FORMAT = "dwarf-with-dsym";
				ENABLE_NS_ASSERTIONS = NO;
				ENABLE_STRICT_OBJC_MSGSEND = YES;
				GCC_C_LANGUAGE_STANDARD = gnu11;
				GCC_NO_COMMON_BLOCKS = YES;
				GCC_WARN_64_TO_32_BIT_CONVERSION = YES;
				GCC_WARN_ABOUT_RETURN_TYPE = YES_ERROR;
				GCC_WARN_UNDECLARED_SELECTOR = YES;
				GCC_WARN_UNINITIALIZED_AUTOS = YES_AGGRESSIVE;
				GCC_WARN_UNUSED_FUNCTION = YES;
				GCC_WARN_UNUSED_VARIABLE = YES;
				IPHONEOS_DEPLOYMENT_TARGET = 16.0;
				MTL_ENABLE_DEBUG_INFO = NO;
				MTL_FAST_MATH = YES;
				SDKROOT = iphoneos;
				SWIFT_COMPILATION_MODE = wholemodule;
				SWIFT_OPTIMIZATION_LEVEL = "-O";
				VALIDATE_PRODUCT = YES;
			};
			name = Release;
		};
		82AED13F29007BDE0007DAA1 /* Debug */ = {
			isa = XCBuildConfiguration;
			buildSettings = {
				ASSETCATALOG_COMPILER_APPICON_NAME = AppIcon;
				ASSETCATALOG_COMPILER_GLOBAL_ACCENT_COLOR_NAME = AccentColor;
				CODE_SIGN_STYLE = Automatic;
				CURRENT_PROJECT_VERSION = 1;
				DEVELOPMENT_TEAM = WN2XVCZRJZ;
				GENERATE_INFOPLIST_FILE = YES;
				INFOPLIST_FILE = "Individual Challenge/Info.plist";
				INFOPLIST_KEY_UIApplicationSupportsIndirectInputEvents = YES;
				INFOPLIST_KEY_UILaunchStoryboardName = LaunchScreen;
				INFOPLIST_KEY_UISupportedInterfaceOrientations_iPad = "UIInterfaceOrientationPortrait UIInterfaceOrientationPortraitUpsideDown UIInterfaceOrientationLandscapeLeft UIInterfaceOrientationLandscapeRight";
				INFOPLIST_KEY_UISupportedInterfaceOrientations_iPhone = "UIInterfaceOrientationPortrait UIInterfaceOrientationLandscapeLeft UIInterfaceOrientationLandscapeRight";
				LD_RUNPATH_SEARCH_PATHS = (
					"$(inherited)",
					"@executable_path/Frameworks",
				);
				MARKETING_VERSION = 1.0;
				PRODUCT_BUNDLE_IDENTIFIER = "swift.Individual-Challenge";
				PRODUCT_NAME = "$(TARGET_NAME)";
				SWIFT_EMIT_LOC_STRINGS = YES;
				SWIFT_VERSION = 5.0;
				TARGETED_DEVICE_FAMILY = "1,2";
			};
			name = Debug;
		};
		82AED14029007BDE0007DAA1 /* Release */ = {
			isa = XCBuildConfiguration;
			buildSettings = {
				ASSETCATALOG_COMPILER_APPICON_NAME = AppIcon;
				ASSETCATALOG_COMPILER_GLOBAL_ACCENT_COLOR_NAME = AccentColor;
				CODE_SIGN_STYLE = Automatic;
				CURRENT_PROJECT_VERSION = 1;
				DEVELOPMENT_TEAM = WN2XVCZRJZ;
				GENERATE_INFOPLIST_FILE = YES;
				INFOPLIST_FILE = "Individual Challenge/Info.plist";
				INFOPLIST_KEY_UIApplicationSupportsIndirectInputEvents = YES;
				INFOPLIST_KEY_UILaunchStoryboardName = LaunchScreen;
				INFOPLIST_KEY_UISupportedInterfaceOrientations_iPad = "UIInterfaceOrientationPortrait UIInterfaceOrientationPortraitUpsideDown UIInterfaceOrientationLandscapeLeft UIInterfaceOrientationLandscapeRight";
				INFOPLIST_KEY_UISupportedInterfaceOrientations_iPhone = "UIInterfaceOrientationPortrait UIInterfaceOrientationLandscapeLeft UIInterfaceOrientationLandscapeRight";
				LD_RUNPATH_SEARCH_PATHS = (
					"$(inherited)",
					"@executable_path/Frameworks",
				);
				MARKETING_VERSION = 1.0;
				PRODUCT_BUNDLE_IDENTIFIER = "swift.Individual-Challenge";
				PRODUCT_NAME = "$(TARGET_NAME)";
				SWIFT_EMIT_LOC_STRINGS = YES;
				SWIFT_VERSION = 5.0;
				TARGETED_DEVICE_FAMILY = "1,2";
			};
			name = Release;
		};
		82AED14229007BDE0007DAA1 /* Debug */ = {
			isa = XCBuildConfiguration;
			buildSettings = {
				ALWAYS_EMBED_SWIFT_STANDARD_LIBRARIES = YES;
				BUNDLE_LOADER = "$(TEST_HOST)";
				CODE_SIGN_STYLE = Automatic;
				CURRENT_PROJECT_VERSION = 1;
				DEVELOPMENT_TEAM = WN2XVCZRJZ;
				GENERATE_INFOPLIST_FILE = YES;
				IPHONEOS_DEPLOYMENT_TARGET = 16.0;
				MARKETING_VERSION = 1.0;
				PRODUCT_BUNDLE_IDENTIFIER = "swift.Individual-ChallengeTests";
				PRODUCT_NAME = "$(TARGET_NAME)";
				SWIFT_EMIT_LOC_STRINGS = NO;
				SWIFT_VERSION = 5.0;
				TARGETED_DEVICE_FAMILY = "1,2";
				TEST_HOST = "$(BUILT_PRODUCTS_DIR)/Individual Challenge.app/$(BUNDLE_EXECUTABLE_FOLDER_PATH)/Individual Challenge";
			};
			name = Debug;
		};
		82AED14329007BDE0007DAA1 /* Release */ = {
			isa = XCBuildConfiguration;
			buildSettings = {
				ALWAYS_EMBED_SWIFT_STANDARD_LIBRARIES = YES;
				BUNDLE_LOADER = "$(TEST_HOST)";
				CODE_SIGN_STYLE = Automatic;
				CURRENT_PROJECT_VERSION = 1;
				DEVELOPMENT_TEAM = WN2XVCZRJZ;
				GENERATE_INFOPLIST_FILE = YES;
				IPHONEOS_DEPLOYMENT_TARGET = 16.0;
				MARKETING_VERSION = 1.0;
				PRODUCT_BUNDLE_IDENTIFIER = "swift.Individual-ChallengeTests";
				PRODUCT_NAME = "$(TARGET_NAME)";
				SWIFT_EMIT_LOC_STRINGS = NO;
				SWIFT_VERSION = 5.0;
				TARGETED_DEVICE_FAMILY = "1,2";
				TEST_HOST = "$(BUILT_PRODUCTS_DIR)/Individual Challenge.app/$(BUNDLE_EXECUTABLE_FOLDER_PATH)/Individual Challenge";
			};
			name = Release;
		};
		82AED14529007BDE0007DAA1 /* Debug */ = {
			isa = XCBuildConfiguration;
			buildSettings = {
				ALWAYS_EMBED_SWIFT_STANDARD_LIBRARIES = YES;
				CODE_SIGN_STYLE = Automatic;
				CURRENT_PROJECT_VERSION = 1;
				DEVELOPMENT_TEAM = WN2XVCZRJZ;
				GENERATE_INFOPLIST_FILE = YES;
				MARKETING_VERSION = 1.0;
				PRODUCT_BUNDLE_IDENTIFIER = "swift.Individual-ChallengeUITests";
				PRODUCT_NAME = "$(TARGET_NAME)";
				SWIFT_EMIT_LOC_STRINGS = NO;
				SWIFT_VERSION = 5.0;
				TARGETED_DEVICE_FAMILY = "1,2";
				TEST_TARGET_NAME = "Individual Challenge";
			};
			name = Debug;
		};
		82AED14629007BDE0007DAA1 /* Release */ = {
			isa = XCBuildConfiguration;
			buildSettings = {
				ALWAYS_EMBED_SWIFT_STANDARD_LIBRARIES = YES;
				CODE_SIGN_STYLE = Automatic;
				CURRENT_PROJECT_VERSION = 1;
				DEVELOPMENT_TEAM = WN2XVCZRJZ;
				GENERATE_INFOPLIST_FILE = YES;
				MARKETING_VERSION = 1.0;
				PRODUCT_BUNDLE_IDENTIFIER = "swift.Individual-ChallengeUITests";
				PRODUCT_NAME = "$(TARGET_NAME)";
				SWIFT_EMIT_LOC_STRINGS = NO;
				SWIFT_VERSION = 5.0;
				TARGETED_DEVICE_FAMILY = "1,2";
				TEST_TARGET_NAME = "Individual Challenge";
			};
			name = Release;
		};
/* End XCBuildConfiguration section */

/* Begin XCConfigurationList section */
		82AED10F29007BDD0007DAA1 /* Build configuration list for PBXProject "Individual Challenge" */ = {
			isa = XCConfigurationList;
			buildConfigurations = (
				82AED13C29007BDE0007DAA1 /* Debug */,
				82AED13D29007BDE0007DAA1 /* Release */,
			);
			defaultConfigurationIsVisible = 0;
			defaultConfigurationName = Release;
		};
		82AED13E29007BDE0007DAA1 /* Build configuration list for PBXNativeTarget "Individual Challenge" */ = {
			isa = XCConfigurationList;
			buildConfigurations = (
				82AED13F29007BDE0007DAA1 /* Debug */,
				82AED14029007BDE0007DAA1 /* Release */,
			);
			defaultConfigurationIsVisible = 0;
			defaultConfigurationName = Release;
		};
		82AED14129007BDE0007DAA1 /* Build configuration list for PBXNativeTarget "Individual ChallengeTests" */ = {
			isa = XCConfigurationList;
			buildConfigurations = (
				82AED14229007BDE0007DAA1 /* Debug */,
				82AED14329007BDE0007DAA1 /* Release */,
			);
			defaultConfigurationIsVisible = 0;
			defaultConfigurationName = Release;
		};
		82AED14429007BDE0007DAA1 /* Build configuration list for PBXNativeTarget "Individual ChallengeUITests" */ = {
			isa = XCConfigurationList;
			buildConfigurations = (
				82AED14529007BDE0007DAA1 /* Debug */,
				82AED14629007BDE0007DAA1 /* Release */,
			);
			defaultConfigurationIsVisible = 0;
			defaultConfigurationName = Release;
		};
/* End XCConfigurationList section */
	};
	rootObject = 82AED10C29007BDD0007DAA1 /* Project object */;
}
